# This file is autogenerated, do not edit; changes may be undone by the next 'dep ensure'.


[[projects]]
  branch = "master"
  name = "github.com/crackcomm/go-clitable"
  packages = ["."]
  revision = "53bcff2fea363f918b5fc960c654a5fb4b3f9950"

[[projects]]
  name = "github.com/mattn/go-runewidth"
  packages = ["."]
  revision = "9e777a8366cce605130a531d2cd6363d07ad7317"
  version = "v0.0.2"

[[projects]]
  branch = "master"
  name = "github.com/olekukonko/tablewriter"
  packages = ["."]
  revision = "d4647c9c7a84d847478d890b816b7d8b62b0b279"

[[projects]]
  name = "github.com/smartystreets/go-aws-auth"
  packages = ["."]
  revision = "8ef1316913ee4f44bc48c2456e44a5c1c68ea53b"
  version = "1.0.0"

[[projects]]
  name = "github.com/urfave/cli"
  packages = ["."]
  revision = "cfb38830724cc34fedffe9a2a29fb54fa9169cd1"
  version = "v1.20.0"

[[projects]]
  branch = "master"
  name = "github.com/vinyldns/go-vinyldns"
  packages = ["vinyldns"]
  revision = "ece94f1c445c7438eb63da566404083c4dcf0f0a"

[solve-meta]
  analyzer-name = "dep"
  analyzer-version = 1
  inputs-digest = "887f48f95cf3ff614e4468ec684ba45c4184d674d179ddc1623d6ec2748438df"
  solver-name = "gps-cdcl"
  solver-version = 1
