# This file is autogenerated, do not edit; changes may be undone by the next 'dep ensure'.


[[projects]]
  branch = "master"
  digest = "1:094079578849caae57917cbe50cd31f9b8026db2ae248febb283c32d4f31ecd3"
  name = "github.com/crackcomm/go-clitable"
  packages = ["."]
  pruneopts = "UT"
  revision = "53bcff2fea363f918b5fc960c654a5fb4b3f9950"

[[projects]]
  digest = "1:e2d1d410fb367567c2b53ed9e2d719d3c1f0891397bb2fa49afd747cfbf1e8e4"
  name = "github.com/mattn/go-runewidth"
  packages = ["."]
  pruneopts = "UT"
  revision = "9e777a8366cce605130a531d2cd6363d07ad7317"
  version = "v0.0.2"

[[projects]]
  branch = "master"
  digest = "1:4daa045e1e1f3e23f4b07db6880cdf9f259dab65312dfe244a878e6070faaf77"
  name = "github.com/olekukonko/tablewriter"
  packages = ["."]
  pruneopts = "UT"
  revision = "d4647c9c7a84d847478d890b816b7d8b62b0b279"

[[projects]]
  digest = "1:05ad719dddba9f454a7e1426a03eec6d35a483b3a4d3c2626bf153ba20301610"
  name = "github.com/smartystreets/go-aws-auth"
  packages = ["."]
  pruneopts = "UT"
  revision = "8ef1316913ee4f44bc48c2456e44a5c1c68ea53b"
  version = "1.0.0"

[[projects]]
  digest = "1:b24d38b282bacf9791408a080f606370efa3d364e4b5fd9ba0f7b87786d3b679"
  name = "github.com/urfave/cli"
  packages = ["."]
  pruneopts = "UT"
  revision = "cfb38830724cc34fedffe9a2a29fb54fa9169cd1"
  version = "v1.20.0"

[[projects]]
  digest = "1:7b585efe42e947db032913b300c9a83d816d6a34808f59646cd1790763d6746d"
  name = "github.com/vinyldns/go-vinyldns"
  packages = ["vinyldns"]
  pruneopts = "UT"
  revision = "2f812db83bea8431d15652b009b2af4a4d8ec51b"
  version = "0.9.1"

[solve-meta]
  analyzer-name = "dep"
  analyzer-version = 1
  input-imports = [
    "github.com/crackcomm/go-clitable",
    "github.com/olekukonko/tablewriter",
    "github.com/urfave/cli",
    "github.com/vinyldns/go-vinyldns/vinyldns",
  ]
  solver-name = "gps-cdcl"
  solver-version = 1
